
Microsoft Visual Studio Solution File, Format Version 12.00
# Visual Studio 2015
Project("{FAE04EC0-301F-11D3-BF4B-00C04F79EFBC}") = "SugAR-Poke", "SugAR-Poke.csproj", "{D60F019C-4F39-D3FF-80F5-288B81ED539B}"
EndProject
Project("{FAE04EC0-301F-11D3-BF4B-00C04F79EFBC}") = "SugAR-Poke.Editor", "SugAR-Poke.Editor.csproj", "{594000CB-27C8-BE46-C753-D52B7BDD4934}"
EndProject
Global
	GlobalSection(SolutionConfigurationPlatforms) = preSolution
		Debug|Any CPU = Debug|Any CPU
		Release|Any CPU = Release|Any CPU
	EndGlobalSection
	GlobalSection(ProjectConfigurationPlatforms) = postSolution
		{D60F019C-4F39-D3FF-80F5-288B81ED539B}.Debug|Any CPU.ActiveCfg = Debug|Any CPU
		{D60F019C-4F39-D3FF-80F5-288B81ED539B}.Debug|Any CPU.Build.0 = Debug|Any CPU
		{D60F019C-4F39-D3FF-80F5-288B81ED539B}.Release|Any CPU.ActiveCfg = Release|Any CPU
		{D60F019C-4F39-D3FF-80F5-288B81ED539B}.Release|Any CPU.Build.0 = Release|Any CPU
		{594000CB-27C8-BE46-C753-D52B7BDD4934}.Debug|Any CPU.ActiveCfg = Debug|Any CPU
		{594000CB-27C8-BE46-C753-D52B7BDD4934}.Debug|Any CPU.Build.0 = Debug|Any CPU
		{594000CB-27C8-BE46-C753-D52B7BDD4934}.Release|Any CPU.ActiveCfg = Release|Any CPU
		{594000CB-27C8-BE46-C753-D52B7BDD4934}.Release|Any CPU.Build.0 = Release|Any CPU
	EndGlobalSection
	GlobalSection(SolutionProperties) = preSolution
		HideSolutionNode = FALSE
	EndGlobalSection
EndGlobal
