
Microsoft Visual Studio Solution File, Format Version 12.00
# Visual Studio 2017
Project("{FAE04EC0-301F-11D3-BF4B-00C04F79EFBC}") = "SugAR-Poke-EcHo", "SugAR-Poke-EcHo.csproj", "{77F25D1A-9BC9-288F-5274-EE5CCEDDD3FE}"
EndProject
Project("{FAE04EC0-301F-11D3-BF4B-00C04F79EFBC}") = "SugAR-Poke-EcHo.Editor", "SugAR-Poke-EcHo.Editor.csproj", "{0FF3F64A-C730-5FEE-83D5-662AE02BCDCC}"
EndProject
Global
	GlobalSection(SolutionConfigurationPlatforms) = preSolution
		Debug|Any CPU = Debug|Any CPU
		Release|Any CPU = Release|Any CPU
	EndGlobalSection
	GlobalSection(ProjectConfigurationPlatforms) = postSolution
		{77F25D1A-9BC9-288F-5274-EE5CCEDDD3FE}.Debug|Any CPU.ActiveCfg = Debug|Any CPU
		{77F25D1A-9BC9-288F-5274-EE5CCEDDD3FE}.Debug|Any CPU.Build.0 = Debug|Any CPU
		{77F25D1A-9BC9-288F-5274-EE5CCEDDD3FE}.Release|Any CPU.ActiveCfg = Release|Any CPU
		{77F25D1A-9BC9-288F-5274-EE5CCEDDD3FE}.Release|Any CPU.Build.0 = Release|Any CPU
		{0FF3F64A-C730-5FEE-83D5-662AE02BCDCC}.Debug|Any CPU.ActiveCfg = Debug|Any CPU
		{0FF3F64A-C730-5FEE-83D5-662AE02BCDCC}.Debug|Any CPU.Build.0 = Debug|Any CPU
		{0FF3F64A-C730-5FEE-83D5-662AE02BCDCC}.Release|Any CPU.ActiveCfg = Release|Any CPU
		{0FF3F64A-C730-5FEE-83D5-662AE02BCDCC}.Release|Any CPU.Build.0 = Release|Any CPU
	EndGlobalSection
	GlobalSection(SolutionProperties) = preSolution
		HideSolutionNode = FALSE
	EndGlobalSection
EndGlobal
